
Microsoft Visual Studio Solution File, Format Version 12.00
# Visual Studio Version 17
VisualStudioVersion = 17.9.34728.123
MinimumVisualStudioVersion = 10.0.40219.1
Project("{9A19103F-16F7-4668-BE54-9A1E7A4F7556}") = "backend.api", "backend.api\backend.api.csproj", "{A78C715F-E866-43A0-B393-D29AFC202359}"
EndProject
Project("{9A19103F-16F7-4668-BE54-9A1E7A4F7556}") = "backend.data", "backend.data\backend.data.csproj", "{2154CFCB-082A-4859-8A9A-E314AAC73B61}"
EndProject
Project("{9A19103F-16F7-4668-BE54-9A1E7A4F7556}") = "backend.servicios", "backend.servicios\backend.servicios.csproj", "{5CDCBF19-6966-4E76-A294-684E8AB02BD9}"
EndProject
Project("{2150E333-8FDC-42A3-9474-1A3956D46DE8}") = "tests", "tests", "{16264759-2D1B-429A-8980-BE09D72D2318}"
EndProject
Project("{9A19103F-16F7-4668-BE54-9A1E7A4F7556}") = "backend.api.test", "tests\backend.api.test\backend.api.test.csproj", "{CF07CE39-61FD-46F6-854C-7C7419482410}"
EndProject
Project("{9A19103F-16F7-4668-BE54-9A1E7A4F7556}") = "backend.servicios.test", "tests\backend.servicios.test\backend.servicios.test.csproj", "{8DC559A5-AE94-4D6C-A0C7-39D2EA0CF6FE}"
EndProject
Project("{9A19103F-16F7-4668-BE54-9A1E7A4F7556}") = "ClasificacionImagen.MLModels", "ClasificacionImagen.MLModels\ClasificacionImagen.MLModels.csproj", "{E3C96BA9-9DFC-46EA-8CE9-34C438063F6B}"
EndProject
Project("{9A19103F-16F7-4668-BE54-9A1E7A4F7556}") = "backend.repositories", "backend.repositories\backend.repositories.csproj", "{9EBC5C4D-D10F-4121-93E6-4C73978D0977}"
EndProject
Project("{FAE04EC0-301F-11D3-BF4B-00C04F79EFBC}") = "backend.repositories.test", "tests\backend.repositories.test\backend.repositories.test.csproj", "{803A6E35-0B06-452E-B14C-261715E386B1}"
EndProject
Global
	GlobalSection(SolutionConfigurationPlatforms) = preSolution
		Debug|Any CPU = Debug|Any CPU
		Release|Any CPU = Release|Any CPU
	EndGlobalSection
	GlobalSection(ProjectConfigurationPlatforms) = postSolution
		{A78C715F-E866-43A0-B393-D29AFC202359}.Debug|Any CPU.ActiveCfg = Debug|Any CPU
		{A78C715F-E866-43A0-B393-D29AFC202359}.Debug|Any CPU.Build.0 = Debug|Any CPU
		{A78C715F-E866-43A0-B393-D29AFC202359}.Release|Any CPU.ActiveCfg = Release|Any CPU
		{A78C715F-E866-43A0-B393-D29AFC202359}.Release|Any CPU.Build.0 = Release|Any CPU
		{2154CFCB-082A-4859-8A9A-E314AAC73B61}.Debug|Any CPU.ActiveCfg = Debug|Any CPU
		{2154CFCB-082A-4859-8A9A-E314AAC73B61}.Debug|Any CPU.Build.0 = Debug|Any CPU
		{2154CFCB-082A-4859-8A9A-E314AAC73B61}.Release|Any CPU.ActiveCfg = Release|Any CPU
		{2154CFCB-082A-4859-8A9A-E314AAC73B61}.Release|Any CPU.Build.0 = Release|Any CPU
		{5CDCBF19-6966-4E76-A294-684E8AB02BD9}.Debug|Any CPU.ActiveCfg = Debug|Any CPU
		{5CDCBF19-6966-4E76-A294-684E8AB02BD9}.Debug|Any CPU.Build.0 = Debug|Any CPU
		{5CDCBF19-6966-4E76-A294-684E8AB02BD9}.Release|Any CPU.ActiveCfg = Release|Any CPU
		{5CDCBF19-6966-4E76-A294-684E8AB02BD9}.Release|Any CPU.Build.0 = Release|Any CPU
		{CF07CE39-61FD-46F6-854C-7C7419482410}.Debug|Any CPU.ActiveCfg = Debug|Any CPU
		{CF07CE39-61FD-46F6-854C-7C7419482410}.Debug|Any CPU.Build.0 = Debug|Any CPU
		{CF07CE39-61FD-46F6-854C-7C7419482410}.Release|Any CPU.ActiveCfg = Release|Any CPU
		{CF07CE39-61FD-46F6-854C-7C7419482410}.Release|Any CPU.Build.0 = Release|Any CPU
		{8DC559A5-AE94-4D6C-A0C7-39D2EA0CF6FE}.Debug|Any CPU.ActiveCfg = Debug|Any CPU
		{8DC559A5-AE94-4D6C-A0C7-39D2EA0CF6FE}.Debug|Any CPU.Build.0 = Debug|Any CPU
		{8DC559A5-AE94-4D6C-A0C7-39D2EA0CF6FE}.Release|Any CPU.ActiveCfg = Release|Any CPU
		{8DC559A5-AE94-4D6C-A0C7-39D2EA0CF6FE}.Release|Any CPU.Build.0 = Release|Any CPU
		{E3C96BA9-9DFC-46EA-8CE9-34C438063F6B}.Debug|Any CPU.ActiveCfg = Debug|Any CPU
		{E3C96BA9-9DFC-46EA-8CE9-34C438063F6B}.Debug|Any CPU.Build.0 = Debug|Any CPU
		{E3C96BA9-9DFC-46EA-8CE9-34C438063F6B}.Release|Any CPU.ActiveCfg = Release|Any CPU
		{E3C96BA9-9DFC-46EA-8CE9-34C438063F6B}.Release|Any CPU.Build.0 = Release|Any CPU
		{9EBC5C4D-D10F-4121-93E6-4C73978D0977}.Debug|Any CPU.ActiveCfg = Debug|Any CPU
		{9EBC5C4D-D10F-4121-93E6-4C73978D0977}.Debug|Any CPU.Build.0 = Debug|Any CPU
		{9EBC5C4D-D10F-4121-93E6-4C73978D0977}.Release|Any CPU.ActiveCfg = Release|Any CPU
		{9EBC5C4D-D10F-4121-93E6-4C73978D0977}.Release|Any CPU.Build.0 = Release|Any CPU
		{803A6E35-0B06-452E-B14C-261715E386B1}.Debug|Any CPU.ActiveCfg = Debug|Any CPU
		{803A6E35-0B06-452E-B14C-261715E386B1}.Debug|Any CPU.Build.0 = Debug|Any CPU
		{803A6E35-0B06-452E-B14C-261715E386B1}.Release|Any CPU.ActiveCfg = Release|Any CPU
		{803A6E35-0B06-452E-B14C-261715E386B1}.Release|Any CPU.Build.0 = Release|Any CPU
	EndGlobalSection
	GlobalSection(SolutionProperties) = preSolution
		HideSolutionNode = FALSE
	EndGlobalSection
	GlobalSection(NestedProjects) = preSolution
		{CF07CE39-61FD-46F6-854C-7C7419482410} = {16264759-2D1B-429A-8980-BE09D72D2318}
		{8DC559A5-AE94-4D6C-A0C7-39D2EA0CF6FE} = {16264759-2D1B-429A-8980-BE09D72D2318}
		{803A6E35-0B06-452E-B14C-261715E386B1} = {16264759-2D1B-429A-8980-BE09D72D2318}
	EndGlobalSection
	GlobalSection(ExtensibilityGlobals) = postSolution
		SolutionGuid = {20738113-7B83-4259-9878-45D17E87AD97}
	EndGlobalSection
EndGlobal
